
Microsoft Visual Studio Solution File, Format Version 12.00
# Visual Studio Version 17
VisualStudioVersion = 17.11.35312.102
MinimumVisualStudioVersion = 10.0.40219.1
Project("{FAE04EC0-301F-11D3-BF4B-00C04F79EFBC}") = "ADIX", "ADIX\ADIX.csproj", "{249CA42E-A3C8-4744-B2EC-D736099B7FE5}"
EndProject
Global
	GlobalSection(SolutionConfigurationPlatforms) = preSolution
		Debug|Any CPU = Debug|Any CPU
		Release|Any CPU = Release|Any CPU
	EndGlobalSection
	GlobalSection(ProjectConfigurationPlatforms) = postSolution
		{249CA42E-A3C8-4744-B2EC-D736099B7FE5}.Debug|Any CPU.ActiveCfg = Debug|Any CPU
		{249CA42E-A3C8-4744-B2EC-D736099B7FE5}.Debug|Any CPU.Build.0 = Debug|Any CPU
		{249CA42E-A3C8-4744-B2EC-D736099B7FE5}.Release|Any CPU.ActiveCfg = Release|Any CPU
		{249CA42E-A3C8-4744-B2EC-D736099B7FE5}.Release|Any CPU.Build.0 = Release|Any CPU
	EndGlobalSection
	GlobalSection(SolutionProperties) = preSolution
		HideSolutionNode = FALSE
	EndGlobalSection
	GlobalSection(ExtensibilityGlobals) = postSolution
		SolutionGuid = {3D266C04-04E7-4CA8-BD38-9A3D4445072E}
	EndGlobalSection
EndGlobal
